
Microsoft Visual Studio Solution File, Format Version 12.00
# Visual Studio Version 17
VisualStudioVersion = 17.11.35312.102
MinimumVisualStudioVersion = 10.0.40219.1
Project("{8BC9CEB8-8B4A-11D0-8D11-00A0C91BC942}") = "PracticalWork2", "PracticalWork2.vcxproj", "{93622556-8B23-44EF-A769-3C47CE6983BF}"
EndProject
Global
	GlobalSection(SolutionConfigurationPlatforms) = preSolution
		Debug|x64 = Debug|x64
		Debug|x86 = Debug|x86
		Release|x64 = Release|x64
		Release|x86 = Release|x86
	EndGlobalSection
	GlobalSection(ProjectConfigurationPlatforms) = postSolution
		{93622556-8B23-44EF-A769-3C47CE6983BF}.Debug|x64.ActiveCfg = Debug|x64
		{93622556-8B23-44EF-A769-3C47CE6983BF}.Debug|x64.Build.0 = Debug|x64
		{93622556-8B23-44EF-A769-3C47CE6983BF}.Debug|x86.ActiveCfg = Debug|Win32
		{93622556-8B23-44EF-A769-3C47CE6983BF}.Debug|x86.Build.0 = Debug|Win32
		{93622556-8B23-44EF-A769-3C47CE6983BF}.Release|x64.ActiveCfg = Release|x64
		{93622556-8B23-44EF-A769-3C47CE6983BF}.Release|x64.Build.0 = Release|x64
		{93622556-8B23-44EF-A769-3C47CE6983BF}.Release|x86.ActiveCfg = Release|Win32
		{93622556-8B23-44EF-A769-3C47CE6983BF}.Release|x86.Build.0 = Release|Win32
	EndGlobalSection
	GlobalSection(SolutionProperties) = preSolution
		HideSolutionNode = FALSE
	EndGlobalSection
	GlobalSection(ExtensibilityGlobals) = postSolution
		SolutionGuid = {FCD63642-7A9E-46BE-9347-361D3D468483}
	EndGlobalSection
EndGlobal
